// !$*UTF8*$!
{
	archiveVersion = 1;
	classes = {
	};
	objectVersion = 56;
	objects = {

/* Begin PBXBuildFile section */
		3A88BBA72BD6D854004A0C00 /* DequeApp.swift in Sources */ = {isa = PBXBuildFile; fileRef = 3A88BBA62BD6D854004A0C00 /* DequeApp.swift */; };
		3A88BBA92BD6D854004A0C00 /* DequeView.swift in Sources */ = {isa = PBXBuildFile; fileRef = 3A88BBA82BD6D854004A0C00 /* DequeView.swift */; };
		3A88BBAB2BD6D855004A0C00 /* Assets.xcassets in Resources */ = {isa = PBXBuildFile; fileRef = 3A88BBAA2BD6D855004A0C00 /* Assets.xcassets */; };
		3A88BBAE2BD6D855004A0C00 /* Preview Assets.xcassets in Resources */ = {isa = PBXBuildFile; fileRef = 3A88BBAD2BD6D855004A0C00 /* Preview Assets.xcassets */; };
		3A88BBB52BD6D8F9004A0C00 /* CharacterDetailView.swift in Sources */ = {isa = PBXBuildFile; fileRef = 3A88BBB42BD6D8F9004A0C00 /* CharacterDetailView.swift */; };
		3A88BBBC2BDA91DB004A0C00 /* FranchiseCharacter.swift in Sources */ = {isa = PBXBuildFile; fileRef = 3A88BBBB2BDA91DB004A0C00 /* FranchiseCharacter.swift */; };
		3A88BBBF2BDA92EE004A0C00 /* DequeListViewModel.swift in Sources */ = {isa = PBXBuildFile; fileRef = 3A88BBBE2BDA92EE004A0C00 /* DequeListViewModel.swift */; };
		3AC2B6D42BDAB304006D6CEA /* LoadingView.swift in Sources */ = {isa = PBXBuildFile; fileRef = 3AC2B6D32BDAB304006D6CEA /* LoadingView.swift */; };
		3AC2B6D62BDAB3A7006D6CEA /* LoadingState.swift in Sources */ = {isa = PBXBuildFile; fileRef = 3AC2B6D52BDAB3A7006D6CEA /* LoadingState.swift */; };
		3AC2B6D82BDAB49A006D6CEA /* LoadingFailedView.swift in Sources */ = {isa = PBXBuildFile; fileRef = 3AC2B6D72BDAB49A006D6CEA /* LoadingFailedView.swift */; };
		3AC2B6DA2BDAC985006D6CEA /* CharacterListView.swift in Sources */ = {isa = PBXBuildFile; fileRef = 3AC2B6D92BDAC985006D6CEA /* CharacterListView.swift */; };
		3AC2B6DC2BDACAA6006D6CEA /* String+HTMLToString.swift in Sources */ = {isa = PBXBuildFile; fileRef = 3AC2B6DB2BDACAA6006D6CEA /* String+HTMLToString.swift */; };
		3AC2B6E42BDAD257006D6CEA /* DequeUITests.swift in Sources */ = {isa = PBXBuildFile; fileRef = 3AC2B6E32BDAD257006D6CEA /* DequeUITests.swift */; };
		3AC2B6E62BDAD257006D6CEA /* DequeUITestsLaunchTests.swift in Sources */ = {isa = PBXBuildFile; fileRef = 3AC2B6E52BDAD257006D6CEA /* DequeUITestsLaunchTests.swift */; };
		3AEB0BAF2BDADE81005316CE /* DequeTests.swift in Sources */ = {isa = PBXBuildFile; fileRef = 3AEB0BAE2BDADE81005316CE /* DequeTests.swift */; };
		3AEB0BBA2BDAE389005316CE /* CharacterImage.swift in Sources */ = {isa = PBXBuildFile; fileRef = 3AEB0BB92BDAE389005316CE /* CharacterImage.swift */; };
		3AEB0BBC2BDAE47B005316CE /* ResultsContainer.swift in Sources */ = {isa = PBXBuildFile; fileRef = 3AEB0BBB2BDAE47B005316CE /* ResultsContainer.swift */; };
		3AEB0BBF2BDAF380005316CE /* Network.swift in Sources */ = {isa = PBXBuildFile; fileRef = 3AEB0BBE2BDAF380005316CE /* Network.swift */; };
		3AEB0BC22BDAFC71005316CE /* FranchiseCharacterTests.swift in Sources */ = {isa = PBXBuildFile; fileRef = 3AEB0BC12BDAFC71005316CE /* FranchiseCharacterTests.swift */; };
/* End PBXBuildFile section */

/* Begin PBXContainerItemProxy section */
		3AC2B6E72BDAD257006D6CEA /* PBXContainerItemProxy */ = {
			isa = PBXContainerItemProxy;
			containerPortal = 3A88BB9B2BD6D854004A0C00 /* Project object */;
			proxyType = 1;
			remoteGlobalIDString = 3A88BBA22BD6D854004A0C00;
			remoteInfo = Deque;
		};
		3AC2B6F42BDADCBC006D6CEA /* PBXContainerItemProxy */ = {
			isa = PBXContainerItemProxy;
			containerPortal = 3A88BB9B2BD6D854004A0C00 /* Project object */;
			proxyType = 1;
			remoteGlobalIDString = 3A88BBA22BD6D854004A0C00;
			remoteInfo = Deque;
		};
		3AEB0BB02BDADE81005316CE /* PBXContainerItemProxy */ = {
			isa = PBXContainerItemProxy;
			containerPortal = 3A88BB9B2BD6D854004A0C00 /* Project object */;
			proxyType = 1;
			remoteGlobalIDString = 3A88BBA22BD6D854004A0C00;
			remoteInfo = Deque;
		};
/* End PBXContainerItemProxy section */

/* Begin PBXFileReference section */
		3A88BBA32BD6D854004A0C00 /* Deque.app */ = {isa = PBXFileReference; explicitFileType = wrapper.application; includeInIndex = 0; path = Deque.app; sourceTree = BUILT_PRODUCTS_DIR; };
		3A88BBA62BD6D854004A0C00 /* DequeApp.swift */ = {isa = PBXFileReference; lastKnownFileType = sourcecode.swift; path = DequeApp.swift; sourceTree = "<group>"; };
		3A88BBA82BD6D854004A0C00 /* DequeView.swift */ = {isa = PBXFileReference; lastKnownFileType = sourcecode.swift; path = DequeView.swift; sourceTree = "<group>"; };
		3A88BBAA2BD6D855004A0C00 /* Assets.xcassets */ = {isa = PBXFileReference; lastKnownFileType = folder.assetcatalog; path = Assets.xcassets; sourceTree = "<group>"; };
		3A88BBAD2BD6D855004A0C00 /* Preview Assets.xcassets */ = {isa = PBXFileReference; lastKnownFileType = folder.assetcatalog; path = "Preview Assets.xcassets"; sourceTree = "<group>"; };
		3A88BBB42BD6D8F9004A0C00 /* CharacterDetailView.swift */ = {isa = PBXFileReference; lastKnownFileType = sourcecode.swift; path = CharacterDetailView.swift; sourceTree = "<group>"; };
		3A88BBBB2BDA91DB004A0C00 /* FranchiseCharacter.swift */ = {isa = PBXFileReference; lastKnownFileType = sourcecode.swift; path = FranchiseCharacter.swift; sourceTree = "<group>"; };
		3A88BBBE2BDA92EE004A0C00 /* DequeListViewModel.swift */ = {isa = PBXFileReference; lastKnownFileType = sourcecode.swift; path = DequeListViewModel.swift; sourceTree = "<group>"; };
		3AC2B6D32BDAB304006D6CEA /* LoadingView.swift */ = {isa = PBXFileReference; lastKnownFileType = sourcecode.swift; path = LoadingView.swift; sourceTree = "<group>"; };
		3AC2B6D52BDAB3A7006D6CEA /* LoadingState.swift */ = {isa = PBXFileReference; lastKnownFileType = sourcecode.swift; path = LoadingState.swift; sourceTree = "<group>"; };
		3AC2B6D72BDAB49A006D6CEA /* LoadingFailedView.swift */ = {isa = PBXFileReference; lastKnownFileType = sourcecode.swift; path = LoadingFailedView.swift; sourceTree = "<group>"; };
		3AC2B6D92BDAC985006D6CEA /* CharacterListView.swift */ = {isa = PBXFileReference; lastKnownFileType = sourcecode.swift; path = CharacterListView.swift; sourceTree = "<group>"; };
		3AC2B6DB2BDACAA6006D6CEA /* String+HTMLToString.swift */ = {isa = PBXFileReference; lastKnownFileType = sourcecode.swift; path = "String+HTMLToString.swift"; sourceTree = "<group>"; };
		3AC2B6E12BDAD257006D6CEA /* DequeUITests.xctest */ = {isa = PBXFileReference; explicitFileType = wrapper.cfbundle; includeInIndex = 0; path = DequeUITests.xctest; sourceTree = BUILT_PRODUCTS_DIR; };
		3AC2B6E32BDAD257006D6CEA /* DequeUITests.swift */ = {isa = PBXFileReference; lastKnownFileType = sourcecode.swift; path = DequeUITests.swift; sourceTree = "<group>"; };
		3AC2B6E52BDAD257006D6CEA /* DequeUITestsLaunchTests.swift */ = {isa = PBXFileReference; lastKnownFileType = sourcecode.swift; path = DequeUITestsLaunchTests.swift; sourceTree = "<group>"; };
		3AC2B6F02BDADCBC006D6CEA /* DequeUnitTests.xctest */ = {isa = PBXFileReference; explicitFileType = wrapper.cfbundle; includeInIndex = 0; path = DequeUnitTests.xctest; sourceTree = BUILT_PRODUCTS_DIR; };
		3AEB0BAC2BDADE81005316CE /* DequeTests.xctest */ = {isa = PBXFileReference; explicitFileType = wrapper.cfbundle; includeInIndex = 0; path = DequeTests.xctest; sourceTree = BUILT_PRODUCTS_DIR; };
		3AEB0BAE2BDADE81005316CE /* DequeTests.swift */ = {isa = PBXFileReference; lastKnownFileType = sourcecode.swift; path = DequeTests.swift; sourceTree = "<group>"; };
		3AEB0BB92BDAE389005316CE /* CharacterImage.swift */ = {isa = PBXFileReference; lastKnownFileType = sourcecode.swift; path = CharacterImage.swift; sourceTree = "<group>"; };
		3AEB0BBB2BDAE47B005316CE /* ResultsContainer.swift */ = {isa = PBXFileReference; lastKnownFileType = sourcecode.swift; path = ResultsContainer.swift; sourceTree = "<group>"; };
		3AEB0BBE2BDAF380005316CE /* Network.swift */ = {isa = PBXFileReference; lastKnownFileType = sourcecode.swift; path = Network.swift; sourceTree = "<group>"; };
		3AEB0BC12BDAFC71005316CE /* FranchiseCharacterTests.swift */ = {isa = PBXFileReference; lastKnownFileType = sourcecode.swift; path = FranchiseCharacterTests.swift; sourceTree = "<group>"; };
/* End PBXFileReference section */

/* Begin PBXFrameworksBuildPhase section */
		3A88BBA02BD6D854004A0C00 /* Frameworks */ = {
			isa = PBXFrameworksBuildPhase;
			buildActionMask = 2147483647;
			files = (
			);
			runOnlyForDeploymentPostprocessing = 0;
		};
		3AC2B6DE2BDAD257006D6CEA /* Frameworks */ = {
			isa = PBXFrameworksBuildPhase;
			buildActionMask = 2147483647;
			files = (
			);
			runOnlyForDeploymentPostprocessing = 0;
		};
		3AC2B6ED2BDADCBC006D6CEA /* Frameworks */ = {
			isa = PBXFrameworksBuildPhase;
			buildActionMask = 2147483647;
			files = (
			);
			runOnlyForDeploymentPostprocessing = 0;
		};
		3AEB0BA92BDADE81005316CE /* Frameworks */ = {
			isa = PBXFrameworksBuildPhase;
			buildActionMask = 2147483647;
			files = (
			);
			runOnlyForDeploymentPostprocessing = 0;
		};
/* End PBXFrameworksBuildPhase section */

/* Begin PBXGroup section */
		3A88BB9A2BD6D854004A0C00 = {
			isa = PBXGroup;
			children = (
				3A88BBA52BD6D854004A0C00 /* Deque */,
				3AC2B6E22BDAD257006D6CEA /* DequeUITests */,
				3AEB0BAD2BDADE81005316CE /* DequeTests */,
				3A88BBA42BD6D854004A0C00 /* Products */,
			);
			sourceTree = "<group>";
		};
		3A88BBA42BD6D854004A0C00 /* Products */ = {
			isa = PBXGroup;
			children = (
				3A88BBA32BD6D854004A0C00 /* Deque.app */,
				3AC2B6E12BDAD257006D6CEA /* DequeUITests.xctest */,
				3AC2B6F02BDADCBC006D6CEA /* DequeUnitTests.xctest */,
				3AEB0BAC2BDADE81005316CE /* DequeTests.xctest */,
			);
			name = Products;
			sourceTree = "<group>";
		};
		3A88BBA52BD6D854004A0C00 /* Deque */ = {
			isa = PBXGroup;
			children = (
				3A88BBA62BD6D854004A0C00 /* DequeApp.swift */,
				3AEB0BBE2BDAF380005316CE /* Network.swift */,
				3AC2B6DB2BDACAA6006D6CEA /* String+HTMLToString.swift */,
				3AC2B6D52BDAB3A7006D6CEA /* LoadingState.swift */,
				3A88BBBD2BDA92D3004A0C00 /* Models */,
				3A88BBBA2BDA91BE004A0C00 /* Views */,
				3A88BBAA2BD6D855004A0C00 /* Assets.xcassets */,
				3A88BBAC2BD6D855004A0C00 /* Preview Content */,
			);
			path = Deque;
			sourceTree = "<group>";
		};
		3A88BBAC2BD6D855004A0C00 /* Preview Content */ = {
			isa = PBXGroup;
			children = (
				3A88BBAD2BD6D855004A0C00 /* Preview Assets.xcassets */,
			);
			path = "Preview Content";
			sourceTree = "<group>";
		};
		3A88BBBA2BDA91BE004A0C00 /* Views */ = {
			isa = PBXGroup;
			children = (
				3AC2B6D32BDAB304006D6CEA /* LoadingView.swift */,
				3AC2B6D72BDAB49A006D6CEA /* LoadingFailedView.swift */,
				3A88BBA82BD6D854004A0C00 /* DequeView.swift */,
				3A88BBB42BD6D8F9004A0C00 /* CharacterDetailView.swift */,
				3AC2B6D92BDAC985006D6CEA /* CharacterListView.swift */,
			);
			path = Views;
			sourceTree = "<group>";
		};
		3A88BBBD2BDA92D3004A0C00 /* Models */ = {
			isa = PBXGroup;
			children = (
				3A88BBBB2BDA91DB004A0C00 /* FranchiseCharacter.swift */,
				3A88BBBE2BDA92EE004A0C00 /* DequeListViewModel.swift */,
				3AEB0BB92BDAE389005316CE /* CharacterImage.swift */,
				3AEB0BBB2BDAE47B005316CE /* ResultsContainer.swift */,
			);
			path = Models;
			sourceTree = "<group>";
		};
		3AC2B6E22BDAD257006D6CEA /* DequeUITests */ = {
			isa = PBXGroup;
			children = (
				3AC2B6E32BDAD257006D6CEA /* DequeUITests.swift */,
				3AC2B6E52BDAD257006D6CEA /* DequeUITestsLaunchTests.swift */,
			);
			path = DequeUITests;
			sourceTree = "<group>";
		};
		3AEB0BAD2BDADE81005316CE /* DequeTests */ = {
			isa = PBXGroup;
			children = (
				3AEB0BAE2BDADE81005316CE /* DequeTests.swift */,
				3AEB0BC12BDAFC71005316CE /* FranchiseCharacterTests.swift */,
			);
			path = DequeTests;
			sourceTree = "<group>";
		};
/* End PBXGroup section */

/* Begin PBXNativeTarget section */
		3A88BBA22BD6D854004A0C00 /* Deque */ = {
			isa = PBXNativeTarget;
			buildConfigurationList = 3A88BBB12BD6D855004A0C00 /* Build configuration list for PBXNativeTarget "Deque" */;
			buildPhases = (
				3A88BB9F2BD6D854004A0C00 /* Sources */,
				3A88BBA02BD6D854004A0C00 /* Frameworks */,
				3A88BBA12BD6D854004A0C00 /* Resources */,
			);
			buildRules = (
			);
			dependencies = (
			);
			name = Deque;
			productName = Deque;
			productReference = 3A88BBA32BD6D854004A0C00 /* Deque.app */;
			productType = "com.apple.product-type.application";
		};
		3AC2B6E02BDAD257006D6CEA /* DequeUITests */ = {
			isa = PBXNativeTarget;
			buildConfigurationList = 3AC2B6E92BDAD257006D6CEA /* Build configuration list for PBXNativeTarget "DequeUITests" */;
			buildPhases = (
				3AC2B6DD2BDAD257006D6CEA /* Sources */,
				3AC2B6DE2BDAD257006D6CEA /* Frameworks */,
				3AC2B6DF2BDAD257006D6CEA /* Resources */,
			);
			buildRules = (
			);
			dependencies = (
				3AC2B6E82BDAD257006D6CEA /* PBXTargetDependency */,
			);
			name = DequeUITests;
			productName = DequeUITests;
			productReference = 3AC2B6E12BDAD257006D6CEA /* DequeUITests.xctest */;
			productType = "com.apple.product-type.bundle.ui-testing";
		};
		3AC2B6EF2BDADCBC006D6CEA /* DequeUnitTests */ = {
			isa = PBXNativeTarget;
			buildConfigurationList = 3AC2B6F62BDADCBC006D6CEA /* Build configuration list for PBXNativeTarget "DequeUnitTests" */;
			buildPhases = (
				3AC2B6EC2BDADCBC006D6CEA /* Sources */,
				3AC2B6ED2BDADCBC006D6CEA /* Frameworks */,
				3AC2B6EE2BDADCBC006D6CEA /* Resources */,
			);
			buildRules = (
			);
			dependencies = (
				3AC2B6F52BDADCBC006D6CEA /* PBXTargetDependency */,
			);
			name = DequeUnitTests;
			productName = DequeUnitTests;
			productReference = 3AC2B6F02BDADCBC006D6CEA /* DequeUnitTests.xctest */;
			productType = "com.apple.product-type.bundle.unit-test";
		};
		3AEB0BAB2BDADE81005316CE /* DequeTests */ = {
			isa = PBXNativeTarget;
			buildConfigurationList = 3AEB0BB42BDADE81005316CE /* Build configuration list for PBXNativeTarget "DequeTests" */;
			buildPhases = (
				3AEB0BA82BDADE81005316CE /* Sources */,
				3AEB0BA92BDADE81005316CE /* Frameworks */,
				3AEB0BAA2BDADE81005316CE /* Resources */,
			);
			buildRules = (
			);
			dependencies = (
				3AEB0BB12BDADE81005316CE /* PBXTargetDependency */,
			);
			name = DequeTests;
			productName = DequeTests;
			productReference = 3AEB0BAC2BDADE81005316CE /* DequeTests.xctest */;
			productType = "com.apple.product-type.bundle.unit-test";
		};
/* End PBXNativeTarget section */

/* Begin PBXProject section */
		3A88BB9B2BD6D854004A0C00 /* Project object */ = {
			isa = PBXProject;
			attributes = {
				BuildIndependentTargetsInParallel = 1;
				LastSwiftUpdateCheck = 1530;
				LastUpgradeCheck = 1530;
				TargetAttributes = {
					3A88BBA22BD6D854004A0C00 = {
						CreatedOnToolsVersion = 15.3;
					};
					3AC2B6E02BDAD257006D6CEA = {
						CreatedOnToolsVersion = 15.3;
						TestTargetID = 3A88BBA22BD6D854004A0C00;
					};
					3AC2B6EF2BDADCBC006D6CEA = {
						CreatedOnToolsVersion = 15.3;
						TestTargetID = 3A88BBA22BD6D854004A0C00;
					};
					3AEB0BAB2BDADE81005316CE = {
						CreatedOnToolsVersion = 15.3;
						TestTargetID = 3A88BBA22BD6D854004A0C00;
					};
				};
			};
			buildConfigurationList = 3A88BB9E2BD6D854004A0C00 /* Build configuration list for PBXProject "Deque" */;
			compatibilityVersion = "Xcode 14.0";
			developmentRegion = en;
			hasScannedForEncodings = 0;
			knownRegions = (
				en,
				Base,
			);
			mainGroup = 3A88BB9A2BD6D854004A0C00;
			productRefGroup = 3A88BBA42BD6D854004A0C00 /* Products */;
			projectDirPath = "";
			projectRoot = "";
			targets = (
				3A88BBA22BD6D854004A0C00 /* Deque */,
				3AC2B6E02BDAD257006D6CEA /* DequeUITests */,
				3AC2B6EF2BDADCBC006D6CEA /* DequeUnitTests */,
				3AEB0BAB2BDADE81005316CE /* DequeTests */,
			);
		};
/* End PBXProject section */

/* Begin PBXResourcesBuildPhase section */
		3A88BBA12BD6D854004A0C00 /* Resources */ = {
			isa = PBXResourcesBuildPhase;
			buildActionMask = 2147483647;
			files = (
				3A88BBAE2BD6D855004A0C00 /* Preview Assets.xcassets in Resources */,
				3A88BBAB2BD6D855004A0C00 /* Assets.xcassets in Resources */,
			);
			runOnlyForDeploymentPostprocessing = 0;
		};
		3AC2B6DF2BDAD257006D6CEA /* Resources */ = {
			isa = PBXResourcesBuildPhase;
			buildActionMask = 2147483647;
			files = (
			);
			runOnlyForDeploymentPostprocessing = 0;
		};
		3AC2B6EE2BDADCBC006D6CEA /* Resources */ = {
			isa = PBXResourcesBuildPhase;
			buildActionMask = 2147483647;
			files = (
			);
			runOnlyForDeploymentPostprocessing = 0;
		};
		3AEB0BAA2BDADE81005316CE /* Resources */ = {
			isa = PBXResourcesBuildPhase;
			buildActionMask = 2147483647;
			files = (
			);
			runOnlyForDeploymentPostprocessing = 0;
		};
/* End PBXResourcesBuildPhase section */

/* Begin PBXSourcesBuildPhase section */
		3A88BB9F2BD6D854004A0C00 /* Sources */ = {
			isa = PBXSourcesBuildPhase;
			buildActionMask = 2147483647;
			files = (
				3A88BBA92BD6D854004A0C00 /* DequeView.swift in Sources */,
				3A88BBBC2BDA91DB004A0C00 /* FranchiseCharacter.swift in Sources */,
				3A88BBA72BD6D854004A0C00 /* DequeApp.swift in Sources */,
				3AEB0BBC2BDAE47B005316CE /* ResultsContainer.swift in Sources */,
				3AEB0BBA2BDAE389005316CE /* CharacterImage.swift in Sources */,
				3A88BBBF2BDA92EE004A0C00 /* DequeListViewModel.swift in Sources */,
				3AC2B6D62BDAB3A7006D6CEA /* LoadingState.swift in Sources */,
				3A88BBB52BD6D8F9004A0C00 /* CharacterDetailView.swift in Sources */,
				3AC2B6D42BDAB304006D6CEA /* LoadingView.swift in Sources */,
				3AC2B6D82BDAB49A006D6CEA /* LoadingFailedView.swift in Sources */,
				3AC2B6DC2BDACAA6006D6CEA /* String+HTMLToString.swift in Sources */,
				3AEB0BBF2BDAF380005316CE /* Network.swift in Sources */,
				3AC2B6DA2BDAC985006D6CEA /* CharacterListView.swift in Sources */,
			);
			runOnlyForDeploymentPostprocessing = 0;
		};
		3AC2B6DD2BDAD257006D6CEA /* Sources */ = {
			isa = PBXSourcesBuildPhase;
			buildActionMask = 2147483647;
			files = (
				3AC2B6E42BDAD257006D6CEA /* DequeUITests.swift in Sources */,
				3AC2B6E62BDAD257006D6CEA /* DequeUITestsLaunchTests.swift in Sources */,
			);
			runOnlyForDeploymentPostprocessing = 0;
		};
		3AC2B6EC2BDADCBC006D6CEA /* Sources */ = {
			isa = PBXSourcesBuildPhase;
			buildActionMask = 2147483647;
			files = (
			);
			runOnlyForDeploymentPostprocessing = 0;
		};
		3AEB0BA82BDADE81005316CE /* Sources */ = {
			isa = PBXSourcesBuildPhase;
			buildActionMask = 2147483647;
			files = (
				3AEB0BAF2BDADE81005316CE /* DequeTests.swift in Sources */,
				3AEB0BC22BDAFC71005316CE /* FranchiseCharacterTests.swift in Sources */,
			);
			runOnlyForDeploymentPostprocessing = 0;
		};
/* End PBXSourcesBuildPhase section */

/* Begin PBXTargetDependency section */
		3AC2B6E82BDAD257006D6CEA /* PBXTargetDependency */ = {
			isa = PBXTargetDependency;
			target = 3A88BBA22BD6D854004A0C00 /* Deque */;
			targetProxy = 3AC2B6E72BDAD257006D6CEA /* PBXContainerItemProxy */;
		};
		3AC2B6F52BDADCBC006D6CEA /* PBXTargetDependency */ = {
			isa = PBXTargetDependency;
			target = 3A88BBA22BD6D854004A0C00 /* Deque */;
			targetProxy = 3AC2B6F42BDADCBC006D6CEA /* PBXContainerItemProxy */;
		};
		3AEB0BB12BDADE81005316CE /* PBXTargetDependency */ = {
			isa = PBXTargetDependency;
			target = 3A88BBA22BD6D854004A0C00 /* Deque */;
			targetProxy = 3AEB0BB02BDADE81005316CE /* PBXContainerItemProxy */;
		};
/* End PBXTargetDependency section */

/* Begin XCBuildConfiguration section */
		3A88BBAF2BD6D855004A0C00 /* Debug */ = {
			isa = XCBuildConfiguration;
			buildSettings = {
				ALWAYS_SEARCH_USER_PATHS = NO;
				ASSETCATALOG_COMPILER_GENERATE_SWIFT_ASSET_SYMBOL_EXTENSIONS = YES;
				CLANG_ANALYZER_NONNULL = YES;
				CLANG_ANALYZER_NUMBER_OBJECT_CONVERSION = YES_AGGRESSIVE;
				CLANG_CXX_LANGUAGE_STANDARD = "gnu++20";
				CLANG_ENABLE_MODULES = YES;
				CLANG_ENABLE_OBJC_ARC = YES;
				CLANG_ENABLE_OBJC_WEAK = YES;
				CLANG_WARN_BLOCK_CAPTURE_AUTORELEASING = YES;
				CLANG_WARN_BOOL_CONVERSION = YES;
				CLANG_WARN_COMMA = YES;
				CLANG_WARN_CONSTANT_CONVERSION = YES;
				CLANG_WARN_DEPRECATED_OBJC_IMPLEMENTATIONS = YES;
				CLANG_WARN_DIRECT_OBJC_ISA_USAGE = YES_ERROR;
				CLANG_WARN_DOCUMENTATION_COMMENTS = YES;
				CLANG_WARN_EMPTY_BODY = YES;
				CLANG_WARN_ENUM_CONVERSION = YES;
				CLANG_WARN_INFINITE_RECURSION = YES;
				CLANG_WARN_INT_CONVERSION = YES;
				CLANG_WARN_NON_LITERAL_NULL_CONVERSION = YES;
				CLANG_WARN_OBJC_IMPLICIT_RETAIN_SELF = YES;
				CLANG_WARN_OBJC_LITERAL_CONVERSION = YES;
				CLANG_WARN_OBJC_ROOT_CLASS = YES_ERROR;
				CLANG_WARN_QUOTED_INCLUDE_IN_FRAMEWORK_HEADER = YES;
				CLANG_WARN_RANGE_LOOP_ANALYSIS = YES;
				CLANG_WARN_STRICT_PROTOTYPES = YES;
				CLANG_WARN_SUSPICIOUS_MOVE = YES;
				CLANG_WARN_UNGUARDED_AVAILABILITY = YES_AGGRESSIVE;
				CLANG_WARN_UNREACHABLE_CODE = YES;
				CLANG_WARN__DUPLICATE_METHOD_MATCH = YES;
				COPY_PHASE_STRIP = NO;
				DEBUG_INFORMATION_FORMAT = dwarf;
				ENABLE_STRICT_OBJC_MSGSEND = YES;
				ENABLE_TESTABILITY = YES;
				ENABLE_USER_SCRIPT_SANDBOXING = YES;
				GCC_C_LANGUAGE_STANDARD = gnu17;
				GCC_DYNAMIC_NO_PIC = NO;
				GCC_NO_COMMON_BLOCKS = YES;
				GCC_OPTIMIZATION_LEVEL = 0;
				GCC_PREPROCESSOR_DEFINITIONS = (
					"DEBUG=1",
					"$(inherited)",
				);
				GCC_WARN_64_TO_32_BIT_CONVERSION = YES;
				GCC_WARN_ABOUT_RETURN_TYPE = YES_ERROR;
				GCC_WARN_UNDECLARED_SELECTOR = YES;
				GCC_WARN_UNINITIALIZED_AUTOS = YES_AGGRESSIVE;
				GCC_WARN_UNUSED_FUNCTION = YES;
				GCC_WARN_UNUSED_VARIABLE = YES;
				IPHONEOS_DEPLOYMENT_TARGET = 17.4;
				LOCALIZATION_PREFERS_STRING_CATALOGS = YES;
				MTL_ENABLE_DEBUG_INFO = INCLUDE_SOURCE;
				MTL_FAST_MATH = YES;
				ONLY_ACTIVE_ARCH = YES;
				SDKROOT = iphoneos;
				SWIFT_ACTIVE_COMPILATION_CONDITIONS = "DEBUG $(inherited)";
				SWIFT_OPTIMIZATION_LEVEL = "-Onone";
			};
			name = Debug;
		};
		3A88BBB02BD6D855004A0C00 /* Release */ = {
			isa = XCBuildConfiguration;
			buildSettings = {
				ALWAYS_SEARCH_USER_PATHS = NO;
				ASSETCATALOG_COMPILER_GENERATE_SWIFT_ASSET_SYMBOL_EXTENSIONS = YES;
				CLANG_ANALYZER_NONNULL = YES;
				CLANG_ANALYZER_NUMBER_OBJECT_CONVERSION = YES_AGGRESSIVE;
				CLANG_CXX_LANGUAGE_STANDARD = "gnu++20";
				CLANG_ENABLE_MODULES = YES;
				CLANG_ENABLE_OBJC_ARC = YES;
				CLANG_ENABLE_OBJC_WEAK = YES;
				CLANG_WARN_BLOCK_CAPTURE_AUTORELEASING = YES;
				CLANG_WARN_BOOL_CONVERSION = YES;
				CLANG_WARN_COMMA = YES;
				CLANG_WARN_CONSTANT_CONVERSION = YES;
				CLANG_WARN_DEPRECATED_OBJC_IMPLEMENTATIONS = YES;
				CLANG_WARN_DIRECT_OBJC_ISA_USAGE = YES_ERROR;
				CLANG_WARN_DOCUMENTATION_COMMENTS = YES;
				CLANG_WARN_EMPTY_BODY = YES;
				CLANG_WARN_ENUM_CONVERSION = YES;
				CLANG_WARN_INFINITE_RECURSION = YES;
				CLANG_WARN_INT_CONVERSION = YES;
				CLANG_WARN_NON_LITERAL_NULL_CONVERSION = YES;
				CLANG_WARN_OBJC_IMPLICIT_RETAIN_SELF = YES;
				CLANG_WARN_OBJC_LITERAL_CONVERSION = YES;
				CLANG_WARN_OBJC_ROOT_CLASS = YES_ERROR;
				CLANG_WARN_QUOTED_INCLUDE_IN_FRAMEWORK_HEADER = YES;
				CLANG_WARN_RANGE_LOOP_ANALYSIS = YES;
				CLANG_WARN_STRICT_PROTOTYPES = YES;
				CLANG_WARN_SUSPICIOUS_MOVE = YES;
				CLANG_WARN_UNGUARDED_AVAILABILITY = YES_AGGRESSIVE;
				CLANG_WARN_UNREACHABLE_CODE = YES;
				CLANG_WARN__DUPLICATE_METHOD_MATCH = YES;
				COPY_PHASE_STRIP = NO;
				DEBUG_INFORMATION_FORMAT = "dwarf-with-dsym";
				ENABLE_NS_ASSERTIONS = NO;
				ENABLE_STRICT_OBJC_MSGSEND = YES;
				ENABLE_USER_SCRIPT_SANDBOXING = YES;
				GCC_C_LANGUAGE_STANDARD = gnu17;
				GCC_NO_COMMON_BLOCKS = YES;
				GCC_WARN_64_TO_32_BIT_CONVERSION = YES;
				GCC_WARN_ABOUT_RETURN_TYPE = YES_ERROR;
				GCC_WARN_UNDECLARED_SELECTOR = YES;
				GCC_WARN_UNINITIALIZED_AUTOS = YES_AGGRESSIVE;
				GCC_WARN_UNUSED_FUNCTION = YES;
				GCC_WARN_UNUSED_VARIABLE = YES;
				IPHONEOS_DEPLOYMENT_TARGET = 17.4;
				LOCALIZATION_PREFERS_STRING_CATALOGS = YES;
				MTL_ENABLE_DEBUG_INFO = NO;
				MTL_FAST_MATH = YES;
				SDKROOT = iphoneos;
				SWIFT_COMPILATION_MODE = wholemodule;
				VALIDATE_PRODUCT = YES;
			};
			name = Release;
		};
		3A88BBB22BD6D855004A0C00 /* Debug */ = {
			isa = XCBuildConfiguration;
			buildSettings = {
				ASSETCATALOG_COMPILER_APPICON_NAME = AppIcon;
				ASSETCATALOG_COMPILER_GLOBAL_ACCENT_COLOR_NAME = AccentColor;
				CODE_SIGN_STYLE = Automatic;
				CURRENT_PROJECT_VERSION = 1;
				DEVELOPMENT_ASSET_PATHS = "\"Deque/Preview Content\"";
				ENABLE_PREVIEWS = YES;
				GENERATE_INFOPLIST_FILE = YES;
				INFOPLIST_KEY_UIApplicationSceneManifest_Generation = YES;
				INFOPLIST_KEY_UIApplicationSupportsIndirectInputEvents = YES;
				INFOPLIST_KEY_UILaunchScreen_Generation = YES;
				INFOPLIST_KEY_UISupportedInterfaceOrientations_iPad = "UIInterfaceOrientationPortrait UIInterfaceOrientationPortraitUpsideDown UIInterfaceOrientationLandscapeLeft UIInterfaceOrientationLandscapeRight";
				INFOPLIST_KEY_UISupportedInterfaceOrientations_iPhone = "UIInterfaceOrientationPortrait UIInterfaceOrientationLandscapeLeft UIInterfaceOrientationLandscapeRight";
				LD_RUNPATH_SEARCH_PATHS = (
					"$(inherited)",
					"@executable_path/Frameworks",
				);
				MARKETING_VERSION = 1.0;
				PRODUCT_BUNDLE_IDENTIFIER = com.adrianeves.Deque;
				PRODUCT_NAME = "$(TARGET_NAME)";
				SWIFT_EMIT_LOC_STRINGS = YES;
				SWIFT_VERSION = 5.0;
				TARGETED_DEVICE_FAMILY = "1,2";
			};
			name = Debug;
		};
		3A88BBB32BD6D855004A0C00 /* Release */ = {
			isa = XCBuildConfiguration;
			buildSettings = {
				ASSETCATALOG_COMPILER_APPICON_NAME = AppIcon;
				ASSETCATALOG_COMPILER_GLOBAL_ACCENT_COLOR_NAME = AccentColor;
				CODE_SIGN_STYLE = Automatic;
				CURRENT_PROJECT_VERSION = 1;
				DEVELOPMENT_ASSET_PATHS = "\"Deque/Preview Content\"";
				ENABLE_PREVIEWS = YES;
				GENERATE_INFOPLIST_FILE = YES;
				INFOPLIST_KEY_UIApplicationSceneManifest_Generation = YES;
				INFOPLIST_KEY_UIApplicationSupportsIndirectInputEvents = YES;
				INFOPLIST_KEY_UILaunchScreen_Generation = YES;
				INFOPLIST_KEY_UISupportedInterfaceOrientations_iPad = "UIInterfaceOrientationPortrait UIInterfaceOrientationPortraitUpsideDown UIInterfaceOrientationLandscapeLeft UIInterfaceOrientationLandscapeRight";
				INFOPLIST_KEY_UISupportedInterfaceOrientations_iPhone = "UIInterfaceOrientationPortrait UIInterfaceOrientationLandscapeLeft UIInterfaceOrientationLandscapeRight";
				LD_RUNPATH_SEARCH_PATHS = (
					"$(inherited)",
					"@executable_path/Frameworks",
				);
				MARKETING_VERSION = 1.0;
				PRODUCT_BUNDLE_IDENTIFIER = com.adrianeves.Deque;
				PRODUCT_NAME = "$(TARGET_NAME)";
				SWIFT_EMIT_LOC_STRINGS = YES;
				SWIFT_VERSION = 5.0;
				TARGETED_DEVICE_FAMILY = "1,2";
			};
			name = Release;
		};
		3AC2B6EA2BDAD257006D6CEA /* Debug */ = {
			isa = XCBuildConfiguration;
			buildSettings = {
				CODE_SIGN_STYLE = Automatic;
				CURRENT_PROJECT_VERSION = 1;
				GENERATE_INFOPLIST_FILE = YES;
				MARKETING_VERSION = 1.0;
				PRODUCT_BUNDLE_IDENTIFIER = com.adrianeves.DequeUITests;
				PRODUCT_NAME = "$(TARGET_NAME)";
				SWIFT_EMIT_LOC_STRINGS = NO;
				SWIFT_VERSION = 5.0;
				TARGETED_DEVICE_FAMILY = "1,2";
				TEST_TARGET_NAME = Deque;
			};
			name = Debug;
		};
		3AC2B6EB2BDAD257006D6CEA /* Release */ = {
			isa = XCBuildConfiguration;
			buildSettings = {
				CODE_SIGN_STYLE = Automatic;
				CURRENT_PROJECT_VERSION = 1;
				GENERATE_INFOPLIST_FILE = YES;
				MARKETING_VERSION = 1.0;
				PRODUCT_BUNDLE_IDENTIFIER = com.adrianeves.DequeUITests;
				PRODUCT_NAME = "$(TARGET_NAME)";
				SWIFT_EMIT_LOC_STRINGS = NO;
				SWIFT_VERSION = 5.0;
				TARGETED_DEVICE_FAMILY = "1,2";
				TEST_TARGET_NAME = Deque;
			};
			name = Release;
		};
		3AC2B6F72BDADCBC006D6CEA /* Debug */ = {
			isa = XCBuildConfiguration;
			buildSettings = {
				BUNDLE_LOADER = "$(TEST_HOST)";
				CODE_SIGN_STYLE = Automatic;
				CURRENT_PROJECT_VERSION = 1;
				GENERATE_INFOPLIST_FILE = YES;
				MARKETING_VERSION = 1.0;
				PRODUCT_BUNDLE_IDENTIFIER = com.adrianeves.DequeUnitTests;
				PRODUCT_NAME = "$(TARGET_NAME)";
				SWIFT_EMIT_LOC_STRINGS = NO;
				SWIFT_VERSION = 5.0;
				TARGETED_DEVICE_FAMILY = "1,2";
				TEST_HOST = "$(BUILT_PRODUCTS_DIR)/Deque.app/$(BUNDLE_EXECUTABLE_FOLDER_PATH)/Deque";
			};
			name = Debug;
		};
		3AC2B6F82BDADCBC006D6CEA /* Release */ = {
			isa = XCBuildConfiguration;
			buildSettings = {
				BUNDLE_LOADER = "$(TEST_HOST)";
				CODE_SIGN_STYLE = Automatic;
				CURRENT_PROJECT_VERSION = 1;
				GENERATE_INFOPLIST_FILE = YES;
				MARKETING_VERSION = 1.0;
				PRODUCT_BUNDLE_IDENTIFIER = com.adrianeves.DequeUnitTests;
				PRODUCT_NAME = "$(TARGET_NAME)";
				SWIFT_EMIT_LOC_STRINGS = NO;
				SWIFT_VERSION = 5.0;
				TARGETED_DEVICE_FAMILY = "1,2";
				TEST_HOST = "$(BUILT_PRODUCTS_DIR)/Deque.app/$(BUNDLE_EXECUTABLE_FOLDER_PATH)/Deque";
			};
			name = Release;
		};
		3AEB0BB22BDADE81005316CE /* Debug */ = {
			isa = XCBuildConfiguration;
			buildSettings = {
				BUNDLE_LOADER = "$(TEST_HOST)";
				CODE_SIGN_STYLE = Automatic;
				CURRENT_PROJECT_VERSION = 1;
				GENERATE_INFOPLIST_FILE = YES;
				MARKETING_VERSION = 1.0;
				PRODUCT_BUNDLE_IDENTIFIER = com.adrianeves.DequeTests;
				PRODUCT_NAME = "$(TARGET_NAME)";
				SWIFT_EMIT_LOC_STRINGS = NO;
				SWIFT_VERSION = 5.0;
				TARGETED_DEVICE_FAMILY = "1,2";
				TEST_HOST = "$(BUILT_PRODUCTS_DIR)/Deque.app/$(BUNDLE_EXECUTABLE_FOLDER_PATH)/Deque";
			};
			name = Debug;
		};
		3AEB0BB32BDADE81005316CE /* Release */ = {
			isa = XCBuildConfiguration;
			buildSettings = {
				BUNDLE_LOADER = "$(TEST_HOST)";
				CODE_SIGN_STYLE = Automatic;
				CURRENT_PROJECT_VERSION = 1;
				GENERATE_INFOPLIST_FILE = YES;
				MARKETING_VERSION = 1.0;
				PRODUCT_BUNDLE_IDENTIFIER = com.adrianeves.DequeTests;
				PRODUCT_NAME = "$(TARGET_NAME)";
				SWIFT_EMIT_LOC_STRINGS = NO;
				SWIFT_VERSION = 5.0;
				TARGETED_DEVICE_FAMILY = "1,2";
				TEST_HOST = "$(BUILT_PRODUCTS_DIR)/Deque.app/$(BUNDLE_EXECUTABLE_FOLDER_PATH)/Deque";
			};
			name = Release;
		};
/* End XCBuildConfiguration section */

/* Begin XCConfigurationList section */
		3A88BB9E2BD6D854004A0C00 /* Build configuration list for PBXProject "Deque" */ = {
			isa = XCConfigurationList;
			buildConfigurations = (
				3A88BBAF2BD6D855004A0C00 /* Debug */,
				3A88BBB02BD6D855004A0C00 /* Release */,
			);
			defaultConfigurationIsVisible = 0;
			defaultConfigurationName = Release;
		};
		3A88BBB12BD6D855004A0C00 /* Build configuration list for PBXNativeTarget "Deque" */ = {
			isa = XCConfigurationList;
			buildConfigurations = (
				3A88BBB22BD6D855004A0C00 /* Debug */,
				3A88BBB32BD6D855004A0C00 /* Release */,
			);
			defaultConfigurationIsVisible = 0;
			defaultConfigurationName = Release;
		};
		3AC2B6E92BDAD257006D6CEA /* Build configuration list for PBXNativeTarget "DequeUITests" */ = {
			isa = XCConfigurationList;
			buildConfigurations = (
				3AC2B6EA2BDAD257006D6CEA /* Debug */,
				3AC2B6EB2BDAD257006D6CEA /* Release */,
			);
			defaultConfigurationIsVisible = 0;
			defaultConfigurationName = Release;
		};
		3AC2B6F62BDADCBC006D6CEA /* Build configuration list for PBXNativeTarget "DequeUnitTests" */ = {
			isa = XCConfigurationList;
			buildConfigurations = (
				3AC2B6F72BDADCBC006D6CEA /* Debug */,
				3AC2B6F82BDADCBC006D6CEA /* Release */,
			);
			defaultConfigurationIsVisible = 0;
			defaultConfigurationName = Release;
		};
		3AEB0BB42BDADE81005316CE /* Build configuration list for PBXNativeTarget "DequeTests" */ = {
			isa = XCConfigurationList;
			buildConfigurations = (
				3AEB0BB22BDADE81005316CE /* Debug */,
				3AEB0BB32BDADE81005316CE /* Release */,
			);
			defaultConfigurationIsVisible = 0;
			defaultConfigurationName = Release;
		};
/* End XCConfigurationList section */
	};
	rootObject = 3A88BB9B2BD6D854004A0C00 /* Project object */;
}
