// !$*UTF8*$!
{
	archiveVersion = 1;
	classes = {
	};
	objectVersion = 56;
	objects = {

/* Begin PBXBuildFile section */
		3A88BBA72BD6D854004A0C00 /* DequeApp.swift in Sources */ = {isa = PBXBuildFile; fileRef = 3A88BBA62BD6D854004A0C00 /* DequeApp.swift */; };
		3A88BBA92BD6D854004A0C00 /* DequeListView.swift in Sources */ = {isa = PBXBuildFile; fileRef = 3A88BBA82BD6D854004A0C00 /* DequeListView.swift */; };
		3A88BBAB2BD6D855004A0C00 /* Assets.xcassets in Resources */ = {isa = PBXBuildFile; fileRef = 3A88BBAA2BD6D855004A0C00 /* Assets.xcassets */; };
		3A88BBAE2BD6D855004A0C00 /* Preview Assets.xcassets in Resources */ = {isa = PBXBuildFile; fileRef = 3A88BBAD2BD6D855004A0C00 /* Preview Assets.xcassets */; };
		3A88BBB52BD6D8F9004A0C00 /* DequeDetailView.swift in Sources */ = {isa = PBXBuildFile; fileRef = 3A88BBB42BD6D8F9004A0C00 /* DequeDetailView.swift */; };
		3A88BBB72BD85899004A0C00 /* Networking.swift in Sources */ = {isa = PBXBuildFile; fileRef = 3A88BBB62BD85899004A0C00 /* Networking.swift */; };
		3A88BBBC2BDA91DB004A0C00 /* FranchiseCharacter.swift in Sources */ = {isa = PBXBuildFile; fileRef = 3A88BBBB2BDA91DB004A0C00 /* FranchiseCharacter.swift */; };
		3A88BBBF2BDA92EE004A0C00 /* DequeListViewModel.swift in Sources */ = {isa = PBXBuildFile; fileRef = 3A88BBBE2BDA92EE004A0C00 /* DequeListViewModel.swift */; };
		3AC2B6D42BDAB304006D6CEA /* LoadingView.swift in Sources */ = {isa = PBXBuildFile; fileRef = 3AC2B6D32BDAB304006D6CEA /* LoadingView.swift */; };
		3AC2B6D62BDAB3A7006D6CEA /* LoadingState.swift in Sources */ = {isa = PBXBuildFile; fileRef = 3AC2B6D52BDAB3A7006D6CEA /* LoadingState.swift */; };
		3AC2B6D82BDAB49A006D6CEA /* LoadingFailedView.swift in Sources */ = {isa = PBXBuildFile; fileRef = 3AC2B6D72BDAB49A006D6CEA /* LoadingFailedView.swift */; };
/* End PBXBuildFile section */

/* Begin PBXFileReference section */
		3A88BBA32BD6D854004A0C00 /* Deque.app */ = {isa = PBXFileReference; explicitFileType = wrapper.application; includeInIndex = 0; path = Deque.app; sourceTree = BUILT_PRODUCTS_DIR; };
		3A88BBA62BD6D854004A0C00 /* DequeApp.swift */ = {isa = PBXFileReference; lastKnownFileType = sourcecode.swift; path = DequeApp.swift; sourceTree = "<group>"; };
		3A88BBA82BD6D854004A0C00 /* DequeListView.swift */ = {isa = PBXFileReference; lastKnownFileType = sourcecode.swift; path = DequeListView.swift; sourceTree = "<group>"; };
		3A88BBAA2BD6D855004A0C00 /* Assets.xcassets */ = {isa = PBXFileReference; lastKnownFileType = folder.assetcatalog; path = Assets.xcassets; sourceTree = "<group>"; };
		3A88BBAD2BD6D855004A0C00 /* Preview Assets.xcassets */ = {isa = PBXFileReference; lastKnownFileType = folder.assetcatalog; path = "Preview Assets.xcassets"; sourceTree = "<group>"; };
		3A88BBB42BD6D8F9004A0C00 /* DequeDetailView.swift */ = {isa = PBXFileReference; lastKnownFileType = sourcecode.swift; path = DequeDetailView.swift; sourceTree = "<group>"; };
		3A88BBB62BD85899004A0C00 /* Networking.swift */ = {isa = PBXFileReference; lastKnownFileType = sourcecode.swift; path = Networking.swift; sourceTree = "<group>"; };
		3A88BBB82BD85C5C004A0C00 /* DequeListViewModel.swift */ = {isa = PBXFileReference; lastKnownFileType = sourcecode.swift; path = DequeListViewModel.swift; sourceTree = "<group>"; };
		3A88BBBB2BDA91DB004A0C00 /* FranchiseCharacter.swift */ = {isa = PBXFileReference; lastKnownFileType = sourcecode.swift; path = FranchiseCharacter.swift; sourceTree = "<group>"; };
		3A88BBBE2BDA92EE004A0C00 /* DequeListViewModel.swift */ = {isa = PBXFileReference; lastKnownFileType = sourcecode.swift; path = DequeListViewModel.swift; sourceTree = "<group>"; };
		3AC2B6D32BDAB304006D6CEA /* LoadingView.swift */ = {isa = PBXFileReference; lastKnownFileType = sourcecode.swift; path = LoadingView.swift; sourceTree = "<group>"; };
		3AC2B6D52BDAB3A7006D6CEA /* LoadingState.swift */ = {isa = PBXFileReference; lastKnownFileType = sourcecode.swift; path = LoadingState.swift; sourceTree = "<group>"; };
		3AC2B6D72BDAB49A006D6CEA /* LoadingFailedView.swift */ = {isa = PBXFileReference; lastKnownFileType = sourcecode.swift; path = LoadingFailedView.swift; sourceTree = "<group>"; };
/* End PBXFileReference section */

/* Begin PBXFrameworksBuildPhase section */
		3A88BBA02BD6D854004A0C00 /* Frameworks */ = {
			isa = PBXFrameworksBuildPhase;
			buildActionMask = 2147483647;
			files = (
			);
			runOnlyForDeploymentPostprocessing = 0;
		};
/* End PBXFrameworksBuildPhase section */

/* Begin PBXGroup section */
		3A88BB9A2BD6D854004A0C00 = {
			isa = PBXGroup;
			children = (
				3A88BBA52BD6D854004A0C00 /* Deque */,
				3A88BBA42BD6D854004A0C00 /* Products */,
			);
			sourceTree = "<group>";
		};
		3A88BBA42BD6D854004A0C00 /* Products */ = {
			isa = PBXGroup;
			children = (
				3A88BBA32BD6D854004A0C00 /* Deque.app */,
			);
			name = Products;
			sourceTree = "<group>";
		};
		3A88BBA52BD6D854004A0C00 /* Deque */ = {
			isa = PBXGroup;
			children = (
				3A88BBA62BD6D854004A0C00 /* DequeApp.swift */,
				3A88BBB62BD85899004A0C00 /* Networking.swift */,
				3AC2B6D52BDAB3A7006D6CEA /* LoadingState.swift */,
				3A88BBBD2BDA92D3004A0C00 /* Models */,
				3A88BBBA2BDA91BE004A0C00 /* Views */,
				3A88BBAA2BD6D855004A0C00 /* Assets.xcassets */,
				3A88BBAC2BD6D855004A0C00 /* Preview Content */,
				3A88BBB82BD85C5C004A0C00 /* DequeListViewModel.swift */,
			);
			path = Deque;
			sourceTree = "<group>";
		};
		3A88BBAC2BD6D855004A0C00 /* Preview Content */ = {
			isa = PBXGroup;
			children = (
				3A88BBAD2BD6D855004A0C00 /* Preview Assets.xcassets */,
			);
			path = "Preview Content";
			sourceTree = "<group>";
		};
		3A88BBBA2BDA91BE004A0C00 /* Views */ = {
			isa = PBXGroup;
			children = (
				3AC2B6D32BDAB304006D6CEA /* LoadingView.swift */,
				3AC2B6D72BDAB49A006D6CEA /* LoadingFailedView.swift */,
				3A88BBA82BD6D854004A0C00 /* DequeListView.swift */,
				3A88BBB42BD6D8F9004A0C00 /* DequeDetailView.swift */,
			);
			path = Views;
			sourceTree = "<group>";
		};
		3A88BBBD2BDA92D3004A0C00 /* Models */ = {
			isa = PBXGroup;
			children = (
				3A88BBBB2BDA91DB004A0C00 /* FranchiseCharacter.swift */,
				3A88BBBE2BDA92EE004A0C00 /* DequeListViewModel.swift */,
			);
			path = Models;
			sourceTree = "<group>";
		};
/* End PBXGroup section */

/* Begin PBXNativeTarget section */
		3A88BBA22BD6D854004A0C00 /* Deque */ = {
			isa = PBXNativeTarget;
			buildConfigurationList = 3A88BBB12BD6D855004A0C00 /* Build configuration list for PBXNativeTarget "Deque" */;
			buildPhases = (
				3A88BB9F2BD6D854004A0C00 /* Sources */,
				3A88BBA02BD6D854004A0C00 /* Frameworks */,
				3A88BBA12BD6D854004A0C00 /* Resources */,
			);
			buildRules = (
			);
			dependencies = (
			);
			name = Deque;
			productName = Deque;
			productReference = 3A88BBA32BD6D854004A0C00 /* Deque.app */;
			productType = "com.apple.product-type.application";
		};
/* End PBXNativeTarget section */

/* Begin PBXProject section */
		3A88BB9B2BD6D854004A0C00 /* Project object */ = {
			isa = PBXProject;
			attributes = {
				BuildIndependentTargetsInParallel = 1;
				LastSwiftUpdateCheck = 1530;
				LastUpgradeCheck = 1530;
				TargetAttributes = {
					3A88BBA22BD6D854004A0C00 = {
						CreatedOnToolsVersion = 15.3;
					};
				};
			};
			buildConfigurationList = 3A88BB9E2BD6D854004A0C00 /* Build configuration list for PBXProject "Deque" */;
			compatibilityVersion = "Xcode 14.0";
			developmentRegion = en;
			hasScannedForEncodings = 0;
			knownRegions = (
				en,
				Base,
			);
			mainGroup = 3A88BB9A2BD6D854004A0C00;
			productRefGroup = 3A88BBA42BD6D854004A0C00 /* Products */;
			projectDirPath = "";
			projectRoot = "";
			targets = (
				3A88BBA22BD6D854004A0C00 /* Deque */,
			);
		};
/* End PBXProject section */

/* Begin PBXResourcesBuildPhase section */
		3A88BBA12BD6D854004A0C00 /* Resources */ = {
			isa = PBXResourcesBuildPhase;
			buildActionMask = 2147483647;
			files = (
				3A88BBAE2BD6D855004A0C00 /* Preview Assets.xcassets in Resources */,
				3A88BBAB2BD6D855004A0C00 /* Assets.xcassets in Resources */,
			);
			runOnlyForDeploymentPostprocessing = 0;
		};
/* End PBXResourcesBuildPhase section */

/* Begin PBXSourcesBuildPhase section */
		3A88BB9F2BD6D854004A0C00 /* Sources */ = {
			isa = PBXSourcesBuildPhase;
			buildActionMask = 2147483647;
			files = (
				3A88BBA92BD6D854004A0C00 /* DequeListView.swift in Sources */,
				3A88BBBC2BDA91DB004A0C00 /* FranchiseCharacter.swift in Sources */,
				3A88BBA72BD6D854004A0C00 /* DequeApp.swift in Sources */,
				3A88BBBF2BDA92EE004A0C00 /* DequeListViewModel.swift in Sources */,
				3AC2B6D62BDAB3A7006D6CEA /* LoadingState.swift in Sources */,
				3A88BBB52BD6D8F9004A0C00 /* DequeDetailView.swift in Sources */,
				3AC2B6D42BDAB304006D6CEA /* LoadingView.swift in Sources */,
				3A88BBB72BD85899004A0C00 /* Networking.swift in Sources */,
				3AC2B6D82BDAB49A006D6CEA /* LoadingFailedView.swift in Sources */,
			);
			runOnlyForDeploymentPostprocessing = 0;
		};
/* End PBXSourcesBuildPhase section */

/* Begin XCBuildConfiguration section */
		3A88BBAF2BD6D855004A0C00 /* Debug */ = {
			isa = XCBuildConfiguration;
			buildSettings = {
				ALWAYS_SEARCH_USER_PATHS = NO;
				ASSETCATALOG_COMPILER_GENERATE_SWIFT_ASSET_SYMBOL_EXTENSIONS = YES;
				CLANG_ANALYZER_NONNULL = YES;
				CLANG_ANALYZER_NUMBER_OBJECT_CONVERSION = YES_AGGRESSIVE;
				CLANG_CXX_LANGUAGE_STANDARD = "gnu++20";
				CLANG_ENABLE_MODULES = YES;
				CLANG_ENABLE_OBJC_ARC = YES;
				CLANG_ENABLE_OBJC_WEAK = YES;
				CLANG_WARN_BLOCK_CAPTURE_AUTORELEASING = YES;
				CLANG_WARN_BOOL_CONVERSION = YES;
				CLANG_WARN_COMMA = YES;
				CLANG_WARN_CONSTANT_CONVERSION = YES;
				CLANG_WARN_DEPRECATED_OBJC_IMPLEMENTATIONS = YES;
				CLANG_WARN_DIRECT_OBJC_ISA_USAGE = YES_ERROR;
				CLANG_WARN_DOCUMENTATION_COMMENTS = YES;
				CLANG_WARN_EMPTY_BODY = YES;
				CLANG_WARN_ENUM_CONVERSION = YES;
				CLANG_WARN_INFINITE_RECURSION = YES;
				CLANG_WARN_INT_CONVERSION = YES;
				CLANG_WARN_NON_LITERAL_NULL_CONVERSION = YES;
				CLANG_WARN_OBJC_IMPLICIT_RETAIN_SELF = YES;
				CLANG_WARN_OBJC_LITERAL_CONVERSION = YES;
				CLANG_WARN_OBJC_ROOT_CLASS = YES_ERROR;
				CLANG_WARN_QUOTED_INCLUDE_IN_FRAMEWORK_HEADER = YES;
				CLANG_WARN_RANGE_LOOP_ANALYSIS = YES;
				CLANG_WARN_STRICT_PROTOTYPES = YES;
				CLANG_WARN_SUSPICIOUS_MOVE = YES;
				CLANG_WARN_UNGUARDED_AVAILABILITY = YES_AGGRESSIVE;
				CLANG_WARN_UNREACHABLE_CODE = YES;
				CLANG_WARN__DUPLICATE_METHOD_MATCH = YES;
				COPY_PHASE_STRIP = NO;
				DEBUG_INFORMATION_FORMAT = dwarf;
				ENABLE_STRICT_OBJC_MSGSEND = YES;
				ENABLE_TESTABILITY = YES;
				ENABLE_USER_SCRIPT_SANDBOXING = YES;
				GCC_C_LANGUAGE_STANDARD = gnu17;
				GCC_DYNAMIC_NO_PIC = NO;
				GCC_NO_COMMON_BLOCKS = YES;
				GCC_OPTIMIZATION_LEVEL = 0;
				GCC_PREPROCESSOR_DEFINITIONS = (
					"DEBUG=1",
					"$(inherited)",
				);
				GCC_WARN_64_TO_32_BIT_CONVERSION = YES;
				GCC_WARN_ABOUT_RETURN_TYPE = YES_ERROR;
				GCC_WARN_UNDECLARED_SELECTOR = YES;
				GCC_WARN_UNINITIALIZED_AUTOS = YES_AGGRESSIVE;
				GCC_WARN_UNUSED_FUNCTION = YES;
				GCC_WARN_UNUSED_VARIABLE = YES;
				IPHONEOS_DEPLOYMENT_TARGET = 17.4;
				LOCALIZATION_PREFERS_STRING_CATALOGS = YES;
				MTL_ENABLE_DEBUG_INFO = INCLUDE_SOURCE;
				MTL_FAST_MATH = YES;
				ONLY_ACTIVE_ARCH = YES;
				SDKROOT = iphoneos;
				SWIFT_ACTIVE_COMPILATION_CONDITIONS = "DEBUG $(inherited)";
				SWIFT_OPTIMIZATION_LEVEL = "-Onone";
			};
			name = Debug;
		};
		3A88BBB02BD6D855004A0C00 /* Release */ = {
			isa = XCBuildConfiguration;
			buildSettings = {
				ALWAYS_SEARCH_USER_PATHS = NO;
				ASSETCATALOG_COMPILER_GENERATE_SWIFT_ASSET_SYMBOL_EXTENSIONS = YES;
				CLANG_ANALYZER_NONNULL = YES;
				CLANG_ANALYZER_NUMBER_OBJECT_CONVERSION = YES_AGGRESSIVE;
				CLANG_CXX_LANGUAGE_STANDARD = "gnu++20";
				CLANG_ENABLE_MODULES = YES;
				CLANG_ENABLE_OBJC_ARC = YES;
				CLANG_ENABLE_OBJC_WEAK = YES;
				CLANG_WARN_BLOCK_CAPTURE_AUTORELEASING = YES;
				CLANG_WARN_BOOL_CONVERSION = YES;
				CLANG_WARN_COMMA = YES;
				CLANG_WARN_CONSTANT_CONVERSION = YES;
				CLANG_WARN_DEPRECATED_OBJC_IMPLEMENTATIONS = YES;
				CLANG_WARN_DIRECT_OBJC_ISA_USAGE = YES_ERROR;
				CLANG_WARN_DOCUMENTATION_COMMENTS = YES;
				CLANG_WARN_EMPTY_BODY = YES;
				CLANG_WARN_ENUM_CONVERSION = YES;
				CLANG_WARN_INFINITE_RECURSION = YES;
				CLANG_WARN_INT_CONVERSION = YES;
				CLANG_WARN_NON_LITERAL_NULL_CONVERSION = YES;
				CLANG_WARN_OBJC_IMPLICIT_RETAIN_SELF = YES;
				CLANG_WARN_OBJC_LITERAL_CONVERSION = YES;
				CLANG_WARN_OBJC_ROOT_CLASS = YES_ERROR;
				CLANG_WARN_QUOTED_INCLUDE_IN_FRAMEWORK_HEADER = YES;
				CLANG_WARN_RANGE_LOOP_ANALYSIS = YES;
				CLANG_WARN_STRICT_PROTOTYPES = YES;
				CLANG_WARN_SUSPICIOUS_MOVE = YES;
				CLANG_WARN_UNGUARDED_AVAILABILITY = YES_AGGRESSIVE;
				CLANG_WARN_UNREACHABLE_CODE = YES;
				CLANG_WARN__DUPLICATE_METHOD_MATCH = YES;
				COPY_PHASE_STRIP = NO;
				DEBUG_INFORMATION_FORMAT = "dwarf-with-dsym";
				ENABLE_NS_ASSERTIONS = NO;
				ENABLE_STRICT_OBJC_MSGSEND = YES;
				ENABLE_USER_SCRIPT_SANDBOXING = YES;
				GCC_C_LANGUAGE_STANDARD = gnu17;
				GCC_NO_COMMON_BLOCKS = YES;
				GCC_WARN_64_TO_32_BIT_CONVERSION = YES;
				GCC_WARN_ABOUT_RETURN_TYPE = YES_ERROR;
				GCC_WARN_UNDECLARED_SELECTOR = YES;
				GCC_WARN_UNINITIALIZED_AUTOS = YES_AGGRESSIVE;
				GCC_WARN_UNUSED_FUNCTION = YES;
				GCC_WARN_UNUSED_VARIABLE = YES;
				IPHONEOS_DEPLOYMENT_TARGET = 17.4;
				LOCALIZATION_PREFERS_STRING_CATALOGS = YES;
				MTL_ENABLE_DEBUG_INFO = NO;
				MTL_FAST_MATH = YES;
				SDKROOT = iphoneos;
				SWIFT_COMPILATION_MODE = wholemodule;
				VALIDATE_PRODUCT = YES;
			};
			name = Release;
		};
		3A88BBB22BD6D855004A0C00 /* Debug */ = {
			isa = XCBuildConfiguration;
			buildSettings = {
				ASSETCATALOG_COMPILER_APPICON_NAME = AppIcon;
				ASSETCATALOG_COMPILER_GLOBAL_ACCENT_COLOR_NAME = AccentColor;
				CODE_SIGN_STYLE = Automatic;
				CURRENT_PROJECT_VERSION = 1;
				DEVELOPMENT_ASSET_PATHS = "\"Deque/Preview Content\"";
				ENABLE_PREVIEWS = YES;
				GENERATE_INFOPLIST_FILE = YES;
				INFOPLIST_KEY_UIApplicationSceneManifest_Generation = YES;
				INFOPLIST_KEY_UIApplicationSupportsIndirectInputEvents = YES;
				INFOPLIST_KEY_UILaunchScreen_Generation = YES;
				INFOPLIST_KEY_UISupportedInterfaceOrientations_iPad = "UIInterfaceOrientationPortrait UIInterfaceOrientationPortraitUpsideDown UIInterfaceOrientationLandscapeLeft UIInterfaceOrientationLandscapeRight";
				INFOPLIST_KEY_UISupportedInterfaceOrientations_iPhone = "UIInterfaceOrientationPortrait UIInterfaceOrientationLandscapeLeft UIInterfaceOrientationLandscapeRight";
				LD_RUNPATH_SEARCH_PATHS = (
					"$(inherited)",
					"@executable_path/Frameworks",
				);
				MARKETING_VERSION = 1.0;
				PRODUCT_BUNDLE_IDENTIFIER = com.adrianeves.Deque;
				PRODUCT_NAME = "$(TARGET_NAME)";
				SWIFT_EMIT_LOC_STRINGS = YES;
				SWIFT_VERSION = 5.0;
				TARGETED_DEVICE_FAMILY = "1,2";
			};
			name = Debug;
		};
		3A88BBB32BD6D855004A0C00 /* Release */ = {
			isa = XCBuildConfiguration;
			buildSettings = {
				ASSETCATALOG_COMPILER_APPICON_NAME = AppIcon;
				ASSETCATALOG_COMPILER_GLOBAL_ACCENT_COLOR_NAME = AccentColor;
				CODE_SIGN_STYLE = Automatic;
				CURRENT_PROJECT_VERSION = 1;
				DEVELOPMENT_ASSET_PATHS = "\"Deque/Preview Content\"";
				ENABLE_PREVIEWS = YES;
				GENERATE_INFOPLIST_FILE = YES;
				INFOPLIST_KEY_UIApplicationSceneManifest_Generation = YES;
				INFOPLIST_KEY_UIApplicationSupportsIndirectInputEvents = YES;
				INFOPLIST_KEY_UILaunchScreen_Generation = YES;
				INFOPLIST_KEY_UISupportedInterfaceOrientations_iPad = "UIInterfaceOrientationPortrait UIInterfaceOrientationPortraitUpsideDown UIInterfaceOrientationLandscapeLeft UIInterfaceOrientationLandscapeRight";
				INFOPLIST_KEY_UISupportedInterfaceOrientations_iPhone = "UIInterfaceOrientationPortrait UIInterfaceOrientationLandscapeLeft UIInterfaceOrientationLandscapeRight";
				LD_RUNPATH_SEARCH_PATHS = (
					"$(inherited)",
					"@executable_path/Frameworks",
				);
				MARKETING_VERSION = 1.0;
				PRODUCT_BUNDLE_IDENTIFIER = com.adrianeves.Deque;
				PRODUCT_NAME = "$(TARGET_NAME)";
				SWIFT_EMIT_LOC_STRINGS = YES;
				SWIFT_VERSION = 5.0;
				TARGETED_DEVICE_FAMILY = "1,2";
			};
			name = Release;
		};
/* End XCBuildConfiguration section */

/* Begin XCConfigurationList section */
		3A88BB9E2BD6D854004A0C00 /* Build configuration list for PBXProject "Deque" */ = {
			isa = XCConfigurationList;
			buildConfigurations = (
				3A88BBAF2BD6D855004A0C00 /* Debug */,
				3A88BBB02BD6D855004A0C00 /* Release */,
			);
			defaultConfigurationIsVisible = 0;
			defaultConfigurationName = Release;
		};
		3A88BBB12BD6D855004A0C00 /* Build configuration list for PBXNativeTarget "Deque" */ = {
			isa = XCConfigurationList;
			buildConfigurations = (
				3A88BBB22BD6D855004A0C00 /* Debug */,
				3A88BBB32BD6D855004A0C00 /* Release */,
			);
			defaultConfigurationIsVisible = 0;
			defaultConfigurationName = Release;
		};
/* End XCConfigurationList section */
	};
	rootObject = 3A88BB9B2BD6D854004A0C00 /* Project object */;
}
